// !$*UTF8*$!
{
	archiveVersion = 1;
	classes = {
	};
	objectVersion = 55;
	objects = {

/* Begin PBXBuildFile section */
		3583B44F28CBE79F0062EC4F /* SwiftExamplesEb4App.swift in Sources */ = {isa = PBXBuildFile; fileRef = 3583B44E28CBE79F0062EC4F /* SwiftExamplesEb4App.swift */; };
		3583B45128CBE79F0062EC4F /* ContentView.swift in Sources */ = {isa = PBXBuildFile; fileRef = 3583B45028CBE79F0062EC4F /* ContentView.swift */; };
		3583B45328CBE7A10062EC4F /* Assets.xcassets in Resources */ = {isa = PBXBuildFile; fileRef = 3583B45228CBE7A10062EC4F /* Assets.xcassets */; };
		3583B45628CBE7A10062EC4F /* Preview Assets.xcassets in Resources */ = {isa = PBXBuildFile; fileRef = 3583B45528CBE7A10062EC4F /* Preview Assets.xcassets */; };
		3583B46028CBE7A20062EC4F /* SwiftExamplesEb4Tests.swift in Sources */ = {isa = PBXBuildFile; fileRef = 3583B45F28CBE7A20062EC4F /* SwiftExamplesEb4Tests.swift */; };
		3583B46A28CBE7A20062EC4F /* SwiftExamplesEb4UITests.swift in Sources */ = {isa = PBXBuildFile; fileRef = 3583B46928CBE7A20062EC4F /* SwiftExamplesEb4UITests.swift */; };
		3583B46C28CBE7A20062EC4F /* SwiftExamplesEb4UITestsLaunchTests.swift in Sources */ = {isa = PBXBuildFile; fileRef = 3583B46B28CBE7A20062EC4F /* SwiftExamplesEb4UITestsLaunchTests.swift */; };
		3583B47F28CBEC620062EC4F /* TimeTrigger.swift in Sources */ = {isa = PBXBuildFile; fileRef = 3583B47E28CBEC620062EC4F /* TimeTrigger.swift */; };
		3583B48128CBECB90062EC4F /* Notification.swift in Sources */ = {isa = PBXBuildFile; fileRef = 3583B48028CBECB90062EC4F /* Notification.swift */; };
		3583B48328CBED890062EC4F /* NotificationView.swift in Sources */ = {isa = PBXBuildFile; fileRef = 3583B48228CBED890062EC4F /* NotificationView.swift */; };
/* End PBXBuildFile section */

/* Begin PBXContainerItemProxy section */
		3583B45C28CBE7A20062EC4F /* PBXContainerItemProxy */ = {
			isa = PBXContainerItemProxy;
			containerPortal = 3583B44328CBE79F0062EC4F /* Project object */;
			proxyType = 1;
			remoteGlobalIDString = 3583B44A28CBE79F0062EC4F;
			remoteInfo = SwiftExamplesEb4;
		};
		3583B46628CBE7A20062EC4F /* PBXContainerItemProxy */ = {
			isa = PBXContainerItemProxy;
			containerPortal = 3583B44328CBE79F0062EC4F /* Project object */;
			proxyType = 1;
			remoteGlobalIDString = 3583B44A28CBE79F0062EC4F;
			remoteInfo = SwiftExamplesEb4;
		};
/* End PBXContainerItemProxy section */

/* Begin PBXFileReference section */
		3583B44B28CBE79F0062EC4F /* SwiftExamplesEb4.app */ = {isa = PBXFileReference; explicitFileType = wrapper.application; includeInIndex = 0; path = SwiftExamplesEb4.app; sourceTree = BUILT_PRODUCTS_DIR; };
		3583B44E28CBE79F0062EC4F /* SwiftExamplesEb4App.swift */ = {isa = PBXFileReference; lastKnownFileType = sourcecode.swift; path = SwiftExamplesEb4App.swift; sourceTree = "<group>"; };
		3583B45028CBE79F0062EC4F /* ContentView.swift */ = {isa = PBXFileReference; lastKnownFileType = sourcecode.swift; path = ContentView.swift; sourceTree = "<group>"; };
		3583B45228CBE7A10062EC4F /* Assets.xcassets */ = {isa = PBXFileReference; lastKnownFileType = folder.assetcatalog; path = Assets.xcassets; sourceTree = "<group>"; };
		3583B45528CBE7A10062EC4F /* Preview Assets.xcassets */ = {isa = PBXFileReference; lastKnownFileType = folder.assetcatalog; path = "Preview Assets.xcassets"; sourceTree = "<group>"; };
		3583B45B28CBE7A20062EC4F /* SwiftExamplesEb4Tests.xctest */ = {isa = PBXFileReference; explicitFileType = wrapper.cfbundle; includeInIndex = 0; path = SwiftExamplesEb4Tests.xctest; sourceTree = BUILT_PRODUCTS_DIR; };
		3583B45F28CBE7A20062EC4F /* SwiftExamplesEb4Tests.swift */ = {isa = PBXFileReference; lastKnownFileType = sourcecode.swift; path = SwiftExamplesEb4Tests.swift; sourceTree = "<group>"; };
		3583B46528CBE7A20062EC4F /* SwiftExamplesEb4UITests.xctest */ = {isa = PBXFileReference; explicitFileType = wrapper.cfbundle; includeInIndex = 0; path = SwiftExamplesEb4UITests.xctest; sourceTree = BUILT_PRODUCTS_DIR; };
		3583B46928CBE7A20062EC4F /* SwiftExamplesEb4UITests.swift */ = {isa = PBXFileReference; lastKnownFileType = sourcecode.swift; path = SwiftExamplesEb4UITests.swift; sourceTree = "<group>"; };
		3583B46B28CBE7A20062EC4F /* SwiftExamplesEb4UITestsLaunchTests.swift */ = {isa = PBXFileReference; lastKnownFileType = sourcecode.swift; path = SwiftExamplesEb4UITestsLaunchTests.swift; sourceTree = "<group>"; };
		3583B47E28CBEC620062EC4F /* TimeTrigger.swift */ = {isa = PBXFileReference; lastKnownFileType = sourcecode.swift; path = TimeTrigger.swift; sourceTree = "<group>"; };
		3583B48028CBECB90062EC4F /* Notification.swift */ = {isa = PBXFileReference; lastKnownFileType = sourcecode.swift; path = Notification.swift; sourceTree = "<group>"; };
		3583B48228CBED890062EC4F /* NotificationView.swift */ = {isa = PBXFileReference; lastKnownFileType = sourcecode.swift; path = NotificationView.swift; sourceTree = "<group>"; };
/* End PBXFileReference section */

/* Begin PBXFrameworksBuildPhase section */
		3583B44828CBE79F0062EC4F /* Frameworks */ = {
			isa = PBXFrameworksBuildPhase;
			buildActionMask = 2147483647;
			files = (
			);
			runOnlyForDeploymentPostprocessing = 0;
		};
		3583B45828CBE7A20062EC4F /* Frameworks */ = {
			isa = PBXFrameworksBuildPhase;
			buildActionMask = 2147483647;
			files = (
			);
			runOnlyForDeploymentPostprocessing = 0;
		};
		3583B46228CBE7A20062EC4F /* Frameworks */ = {
			isa = PBXFrameworksBuildPhase;
			buildActionMask = 2147483647;
			files = (
			);
			runOnlyForDeploymentPostprocessing = 0;
		};
/* End PBXFrameworksBuildPhase section */

/* Begin PBXGroup section */
		3583B44228CBE79F0062EC4F = {
			isa = PBXGroup;
			children = (
				3583B45028CBE79F0062EC4F /* ContentView.swift */,
				3583B48428CBF0640062EC4F /* Notifications */,
				3583B44D28CBE79F0062EC4F /* SwiftExamplesEb4 */,
				3583B45E28CBE7A20062EC4F /* SwiftExamplesEb4Tests */,
				3583B46828CBE7A20062EC4F /* SwiftExamplesEb4UITests */,
				3583B44C28CBE79F0062EC4F /* Products */,
			);
			sourceTree = "<group>";
		};
		3583B44C28CBE79F0062EC4F /* Products */ = {
			isa = PBXGroup;
			children = (
				3583B44B28CBE79F0062EC4F /* SwiftExamplesEb4.app */,
				3583B45B28CBE7A20062EC4F /* SwiftExamplesEb4Tests.xctest */,
				3583B46528CBE7A20062EC4F /* SwiftExamplesEb4UITests.xctest */,
			);
			name = Products;
			sourceTree = "<group>";
		};
		3583B44D28CBE79F0062EC4F /* SwiftExamplesEb4 */ = {
			isa = PBXGroup;
			children = (
				3583B44E28CBE79F0062EC4F /* SwiftExamplesEb4App.swift */,
				3583B45228CBE7A10062EC4F /* Assets.xcassets */,
				3583B45428CBE7A10062EC4F /* Preview Content */,
			);
			path = SwiftExamplesEb4;
			sourceTree = "<group>";
		};
		3583B45428CBE7A10062EC4F /* Preview Content */ = {
			isa = PBXGroup;
			children = (
				3583B45528CBE7A10062EC4F /* Preview Assets.xcassets */,
			);
			path = "Preview Content";
			sourceTree = "<group>";
		};
		3583B45E28CBE7A20062EC4F /* SwiftExamplesEb4Tests */ = {
			isa = PBXGroup;
			children = (
				3583B45F28CBE7A20062EC4F /* SwiftExamplesEb4Tests.swift */,
			);
			path = SwiftExamplesEb4Tests;
			sourceTree = "<group>";
		};
		3583B46828CBE7A20062EC4F /* SwiftExamplesEb4UITests */ = {
			isa = PBXGroup;
			children = (
				3583B46928CBE7A20062EC4F /* SwiftExamplesEb4UITests.swift */,
				3583B46B28CBE7A20062EC4F /* SwiftExamplesEb4UITestsLaunchTests.swift */,
			);
			path = SwiftExamplesEb4UITests;
			sourceTree = "<group>";
		};
		3583B48428CBF0640062EC4F /* Notifications */ = {
			isa = PBXGroup;
			children = (
				3583B48228CBED890062EC4F /* NotificationView.swift */,
				3583B48028CBECB90062EC4F /* Notification.swift */,
				3583B47E28CBEC620062EC4F /* TimeTrigger.swift */,
			);
			path = Notifications;
			sourceTree = "<group>";
		};
/* End PBXGroup section */

/* Begin PBXNativeTarget section */
		3583B44A28CBE79F0062EC4F /* SwiftExamplesEb4 */ = {
			isa = PBXNativeTarget;
			buildConfigurationList = 3583B46F28CBE7A20062EC4F /* Build configuration list for PBXNativeTarget "SwiftExamplesEb4" */;
			buildPhases = (
				3583B44728CBE79F0062EC4F /* Sources */,
				3583B44828CBE79F0062EC4F /* Frameworks */,
				3583B44928CBE79F0062EC4F /* Resources */,
			);
			buildRules = (
			);
			dependencies = (
			);
			name = SwiftExamplesEb4;
			productName = SwiftExamplesEb4;
			productReference = 3583B44B28CBE79F0062EC4F /* SwiftExamplesEb4.app */;
			productType = "com.apple.product-type.application";
		};
		3583B45A28CBE7A20062EC4F /* SwiftExamplesEb4Tests */ = {
			isa = PBXNativeTarget;
			buildConfigurationList = 3583B47228CBE7A20062EC4F /* Build configuration list for PBXNativeTarget "SwiftExamplesEb4Tests" */;
			buildPhases = (
				3583B45728CBE7A20062EC4F /* Sources */,
				3583B45828CBE7A20062EC4F /* Frameworks */,
				3583B45928CBE7A20062EC4F /* Resources */,
			);
			buildRules = (
			);
			dependencies = (
				3583B45D28CBE7A20062EC4F /* PBXTargetDependency */,
			);
			name = SwiftExamplesEb4Tests;
			productName = SwiftExamplesEb4Tests;
			productReference = 3583B45B28CBE7A20062EC4F /* SwiftExamplesEb4Tests.xctest */;
			productType = "com.apple.product-type.bundle.unit-test";
		};
		3583B46428CBE7A20062EC4F /* SwiftExamplesEb4UITests */ = {
			isa = PBXNativeTarget;
			buildConfigurationList = 3583B47528CBE7A20062EC4F /* Build configuration list for PBXNativeTarget "SwiftExamplesEb4UITests" */;
			buildPhases = (
				3583B46128CBE7A20062EC4F /* Sources */,
				3583B46228CBE7A20062EC4F /* Frameworks */,
				3583B46328CBE7A20062EC4F /* Resources */,
			);
			buildRules = (
			);
			dependencies = (
				3583B46728CBE7A20062EC4F /* PBXTargetDependency */,
			);
			name = SwiftExamplesEb4UITests;
			productName = SwiftExamplesEb4UITests;
			productReference = 3583B46528CBE7A20062EC4F /* SwiftExamplesEb4UITests.xctest */;
			productType = "com.apple.product-type.bundle.ui-testing";
		};
/* End PBXNativeTarget section */

/* Begin PBXProject section */
		3583B44328CBE79F0062EC4F /* Project object */ = {
			isa = PBXProject;
			attributes = {
				BuildIndependentTargetsInParallel = 1;
				LastSwiftUpdateCheck = 1310;
				LastUpgradeCheck = 1310;
				TargetAttributes = {
					3583B44A28CBE79F0062EC4F = {
						CreatedOnToolsVersion = 13.1;
					};
					3583B45A28CBE7A20062EC4F = {
						CreatedOnToolsVersion = 13.1;
						TestTargetID = 3583B44A28CBE79F0062EC4F;
					};
					3583B46428CBE7A20062EC4F = {
						CreatedOnToolsVersion = 13.1;
						TestTargetID = 3583B44A28CBE79F0062EC4F;
					};
				};
			};
			buildConfigurationList = 3583B44628CBE79F0062EC4F /* Build configuration list for PBXProject "SwiftExamplesEb4" */;
			compatibilityVersion = "Xcode 13.0";
			developmentRegion = en;
			hasScannedForEncodings = 0;
			knownRegions = (
				en,
				Base,
			);
			mainGroup = 3583B44228CBE79F0062EC4F;
			productRefGroup = 3583B44C28CBE79F0062EC4F /* Products */;
			projectDirPath = "";
			projectRoot = "";
			targets = (
				3583B44A28CBE79F0062EC4F /* SwiftExamplesEb4 */,
				3583B45A28CBE7A20062EC4F /* SwiftExamplesEb4Tests */,
				3583B46428CBE7A20062EC4F /* SwiftExamplesEb4UITests */,
			);
		};
/* End PBXProject section */

/* Begin PBXResourcesBuildPhase section */
		3583B44928CBE79F0062EC4F /* Resources */ = {
			isa = PBXResourcesBuildPhase;
			buildActionMask = 2147483647;
			files = (
				3583B45628CBE7A10062EC4F /* Preview Assets.xcassets in Resources */,
				3583B45328CBE7A10062EC4F /* Assets.xcassets in Resources */,
			);
			runOnlyForDeploymentPostprocessing = 0;
		};
		3583B45928CBE7A20062EC4F /* Resources */ = {
			isa = PBXResourcesBuildPhase;
			buildActionMask = 2147483647;
			files = (
			);
			runOnlyForDeploymentPostprocessing = 0;
		};
		3583B46328CBE7A20062EC4F /* Resources */ = {
			isa = PBXResourcesBuildPhase;
			buildActionMask = 2147483647;
			files = (
			);
			runOnlyForDeploymentPostprocessing = 0;
		};
/* End PBXResourcesBuildPhase section */

/* Begin PBXSourcesBuildPhase section */
		3583B44728CBE79F0062EC4F /* Sources */ = {
			isa = PBXSourcesBuildPhase;
			buildActionMask = 2147483647;
			files = (
				3583B48128CBECB90062EC4F /* Notification.swift in Sources */,
				3583B45128CBE79F0062EC4F /* ContentView.swift in Sources */,
				3583B47F28CBEC620062EC4F /* TimeTrigger.swift in Sources */,
				3583B44F28CBE79F0062EC4F /* SwiftExamplesEb4App.swift in Sources */,
				3583B48328CBED890062EC4F /* NotificationView.swift in Sources */,
			);
			runOnlyForDeploymentPostprocessing = 0;
		};
		3583B45728CBE7A20062EC4F /* Sources */ = {
			isa = PBXSourcesBuildPhase;
			buildActionMask = 2147483647;
			files = (
				3583B46028CBE7A20062EC4F /* SwiftExamplesEb4Tests.swift in Sources */,
			);
			runOnlyForDeploymentPostprocessing = 0;
		};
		3583B46128CBE7A20062EC4F /* Sources */ = {
			isa = PBXSourcesBuildPhase;
			buildActionMask = 2147483647;
			files = (
				3583B46A28CBE7A20062EC4F /* SwiftExamplesEb4UITests.swift in Sources */,
				3583B46C28CBE7A20062EC4F /* SwiftExamplesEb4UITestsLaunchTests.swift in Sources */,
			);
			runOnlyForDeploymentPostprocessing = 0;
		};
/* End PBXSourcesBuildPhase section */

/* Begin PBXTargetDependency section */
		3583B45D28CBE7A20062EC4F /* PBXTargetDependency */ = {
			isa = PBXTargetDependency;
			target = 3583B44A28CBE79F0062EC4F /* SwiftExamplesEb4 */;
			targetProxy = 3583B45C28CBE7A20062EC4F /* PBXContainerItemProxy */;
		};
		3583B46728CBE7A20062EC4F /* PBXTargetDependency */ = {
			isa = PBXTargetDependency;
			target = 3583B44A28CBE79F0062EC4F /* SwiftExamplesEb4 */;
			targetProxy = 3583B46628CBE7A20062EC4F /* PBXContainerItemProxy */;
		};
/* End PBXTargetDependency section */

/* Begin XCBuildConfiguration section */
		3583B46D28CBE7A20062EC4F /* Debug */ = {
			isa = XCBuildConfiguration;
			buildSettings = {
				ALWAYS_SEARCH_USER_PATHS = NO;
				CLANG_ANALYZER_NONNULL = YES;
				CLANG_ANALYZER_NUMBER_OBJECT_CONVERSION = YES_AGGRESSIVE;
				CLANG_CXX_LANGUAGE_STANDARD = "gnu++17";
				CLANG_CXX_LIBRARY = "libc++";
				CLANG_ENABLE_MODULES = YES;
				CLANG_ENABLE_OBJC_ARC = YES;
				CLANG_ENABLE_OBJC_WEAK = YES;
				CLANG_WARN_BLOCK_CAPTURE_AUTORELEASING = YES;
				CLANG_WARN_BOOL_CONVERSION = YES;
				CLANG_WARN_COMMA = YES;
				CLANG_WARN_CONSTANT_CONVERSION = YES;
				CLANG_WARN_DEPRECATED_OBJC_IMPLEMENTATIONS = YES;
				CLANG_WARN_DIRECT_OBJC_ISA_USAGE = YES_ERROR;
				CLANG_WARN_DOCUMENTATION_COMMENTS = YES;
				CLANG_WARN_EMPTY_BODY = YES;
				CLANG_WARN_ENUM_CONVERSION = YES;
				CLANG_WARN_INFINITE_RECURSION = YES;
				CLANG_WARN_INT_CONVERSION = YES;
				CLANG_WARN_NON_LITERAL_NULL_CONVERSION = YES;
				CLANG_WARN_OBJC_IMPLICIT_RETAIN_SELF = YES;
				CLANG_WARN_OBJC_LITERAL_CONVERSION = YES;
				CLANG_WARN_OBJC_ROOT_CLASS = YES_ERROR;
				CLANG_WARN_QUOTED_INCLUDE_IN_FRAMEWORK_HEADER = YES;
				CLANG_WARN_RANGE_LOOP_ANALYSIS = YES;
				CLANG_WARN_STRICT_PROTOTYPES = YES;
				CLANG_WARN_SUSPICIOUS_MOVE = YES;
				CLANG_WARN_UNGUARDED_AVAILABILITY = YES_AGGRESSIVE;
				CLANG_WARN_UNREACHABLE_CODE = YES;
				CLANG_WARN__DUPLICATE_METHOD_MATCH = YES;
				COPY_PHASE_STRIP = NO;
				DEBUG_INFORMATION_FORMAT = dwarf;
				ENABLE_STRICT_OBJC_MSGSEND = YES;
				ENABLE_TESTABILITY = YES;
				GCC_C_LANGUAGE_STANDARD = gnu11;
				GCC_DYNAMIC_NO_PIC = NO;
				GCC_NO_COMMON_BLOCKS = YES;
				GCC_OPTIMIZATION_LEVEL = 0;
				GCC_PREPROCESSOR_DEFINITIONS = (
					"DEBUG=1",
					"$(inherited)",
				);
				GCC_WARN_64_TO_32_BIT_CONVERSION = YES;
				GCC_WARN_ABOUT_RETURN_TYPE = YES_ERROR;
				GCC_WARN_UNDECLARED_SELECTOR = YES;
				GCC_WARN_UNINITIALIZED_AUTOS = YES_AGGRESSIVE;
				GCC_WARN_UNUSED_FUNCTION = YES;
				GCC_WARN_UNUSED_VARIABLE = YES;
				IPHONEOS_DEPLOYMENT_TARGET = 15.0;
				MTL_ENABLE_DEBUG_INFO = INCLUDE_SOURCE;
				MTL_FAST_MATH = YES;
				ONLY_ACTIVE_ARCH = YES;
				SDKROOT = iphoneos;
				SWIFT_ACTIVE_COMPILATION_CONDITIONS = DEBUG;
				SWIFT_OPTIMIZATION_LEVEL = "-Onone";
			};
			name = Debug;
		};
		3583B46E28CBE7A20062EC4F /* Release */ = {
			isa = XCBuildConfiguration;
			buildSettings = {
				ALWAYS_SEARCH_USER_PATHS = NO;
				CLANG_ANALYZER_NONNULL = YES;
				CLANG_ANALYZER_NUMBER_OBJECT_CONVERSION = YES_AGGRESSIVE;
				CLANG_CXX_LANGUAGE_STANDARD = "gnu++17";
				CLANG_CXX_LIBRARY = "libc++";
				CLANG_ENABLE_MODULES = YES;
				CLANG_ENABLE_OBJC_ARC = YES;
				CLANG_ENABLE_OBJC_WEAK = YES;
				CLANG_WARN_BLOCK_CAPTURE_AUTORELEASING = YES;
				CLANG_WARN_BOOL_CONVERSION = YES;
				CLANG_WARN_COMMA = YES;
				CLANG_WARN_CONSTANT_CONVERSION = YES;
				CLANG_WARN_DEPRECATED_OBJC_IMPLEMENTATIONS = YES;
				CLANG_WARN_DIRECT_OBJC_ISA_USAGE = YES_ERROR;
				CLANG_WARN_DOCUMENTATION_COMMENTS = YES;
				CLANG_WARN_EMPTY_BODY = YES;
				CLANG_WARN_ENUM_CONVERSION = YES;
				CLANG_WARN_INFINITE_RECURSION = YES;
				CLANG_WARN_INT_CONVERSION = YES;
				CLANG_WARN_NON_LITERAL_NULL_CONVERSION = YES;
				CLANG_WARN_OBJC_IMPLICIT_RETAIN_SELF = YES;
				CLANG_WARN_OBJC_LITERAL_CONVERSION = YES;
				CLANG_WARN_OBJC_ROOT_CLASS = YES_ERROR;
				CLANG_WARN_QUOTED_INCLUDE_IN_FRAMEWORK_HEADER = YES;
				CLANG_WARN_RANGE_LOOP_ANALYSIS = YES;
				CLANG_WARN_STRICT_PROTOTYPES = YES;
				CLANG_WARN_SUSPICIOUS_MOVE = YES;
				CLANG_WARN_UNGUARDED_AVAILABILITY = YES_AGGRESSIVE;
				CLANG_WARN_UNREACHABLE_CODE = YES;
				CLANG_WARN__DUPLICATE_METHOD_MATCH = YES;
				COPY_PHASE_STRIP = NO;
				DEBUG_INFORMATION_FORMAT = "dwarf-with-dsym";
				ENABLE_NS_ASSERTIONS = NO;
				ENABLE_STRICT_OBJC_MSGSEND = YES;
				GCC_C_LANGUAGE_STANDARD = gnu11;
				GCC_NO_COMMON_BLOCKS = YES;
				GCC_WARN_64_TO_32_BIT_CONVERSION = YES;
				GCC_WARN_ABOUT_RETURN_TYPE = YES_ERROR;
				GCC_WARN_UNDECLARED_SELECTOR = YES;
				GCC_WARN_UNINITIALIZED_AUTOS = YES_AGGRESSIVE;
				GCC_WARN_UNUSED_FUNCTION = YES;
				GCC_WARN_UNUSED_VARIABLE = YES;
				IPHONEOS_DEPLOYMENT_TARGET = 15.0;
				MTL_ENABLE_DEBUG_INFO = NO;
				MTL_FAST_MATH = YES;
				SDKROOT = iphoneos;
				SWIFT_COMPILATION_MODE = wholemodule;
				SWIFT_OPTIMIZATION_LEVEL = "-O";
				VALIDATE_PRODUCT = YES;
			};
			name = Release;
		};
		3583B47028CBE7A20062EC4F /* Debug */ = {
			isa = XCBuildConfiguration;
			buildSettings = {
				ASSETCATALOG_COMPILER_APPICON_NAME = AppIcon;
				ASSETCATALOG_COMPILER_GLOBAL_ACCENT_COLOR_NAME = AccentColor;
				CODE_SIGN_STYLE = Automatic;
				CURRENT_PROJECT_VERSION = 1;
				DEVELOPMENT_ASSET_PATHS = "\"SwiftExamplesEb4/Preview Content\"";
				DEVELOPMENT_TEAM = XPM8NB9WD8;
				ENABLE_PREVIEWS = YES;
				GENERATE_INFOPLIST_FILE = YES;
				INFOPLIST_KEY_UIApplicationSceneManifest_Generation = YES;
				INFOPLIST_KEY_UIApplicationSupportsIndirectInputEvents = YES;
				INFOPLIST_KEY_UILaunchScreen_Generation = YES;
				INFOPLIST_KEY_UISupportedInterfaceOrientations_iPad = "UIInterfaceOrientationPortrait UIInterfaceOrientationPortraitUpsideDown UIInterfaceOrientationLandscapeLeft UIInterfaceOrientationLandscapeRight";
				INFOPLIST_KEY_UISupportedInterfaceOrientations_iPhone = "UIInterfaceOrientationPortrait UIInterfaceOrientationLandscapeLeft UIInterfaceOrientationLandscapeRight";
				LD_RUNPATH_SEARCH_PATHS = (
					"$(inherited)",
					"@executable_path/Frameworks",
				);
				MARKETING_VERSION = 1.0;
				PRODUCT_BUNDLE_IDENTIFIER = vb.hardwareandro.SwiftExamplesEb4;
				PRODUCT_NAME = "$(TARGET_NAME)";
				SWIFT_EMIT_LOC_STRINGS = YES;
				SWIFT_VERSION = 5.0;
				TARGETED_DEVICE_FAMILY = "1,2";
			};
			name = Debug;
		};
		3583B47128CBE7A20062EC4F /* Release */ = {
			isa = XCBuildConfiguration;
			buildSettings = {
				ASSETCATALOG_COMPILER_APPICON_NAME = AppIcon;
				ASSETCATALOG_COMPILER_GLOBAL_ACCENT_COLOR_NAME = AccentColor;
				CODE_SIGN_STYLE = Automatic;
				CURRENT_PROJECT_VERSION = 1;
				DEVELOPMENT_ASSET_PATHS = "\"SwiftExamplesEb4/Preview Content\"";
				DEVELOPMENT_TEAM = XPM8NB9WD8;
				ENABLE_PREVIEWS = YES;
				GENERATE_INFOPLIST_FILE = YES;
				INFOPLIST_KEY_UIApplicationSceneManifest_Generation = YES;
				INFOPLIST_KEY_UIApplicationSupportsIndirectInputEvents = YES;
				INFOPLIST_KEY_UILaunchScreen_Generation = YES;
				INFOPLIST_KEY_UISupportedInterfaceOrientations_iPad = "UIInterfaceOrientationPortrait UIInterfaceOrientationPortraitUpsideDown UIInterfaceOrientationLandscapeLeft UIInterfaceOrientationLandscapeRight";
				INFOPLIST_KEY_UISupportedInterfaceOrientations_iPhone = "UIInterfaceOrientationPortrait UIInterfaceOrientationLandscapeLeft UIInterfaceOrientationLandscapeRight";
				LD_RUNPATH_SEARCH_PATHS = (
					"$(inherited)",
					"@executable_path/Frameworks",
				);
				MARKETING_VERSION = 1.0;
				PRODUCT_BUNDLE_IDENTIFIER = vb.hardwareandro.SwiftExamplesEb4;
				PRODUCT_NAME = "$(TARGET_NAME)";
				SWIFT_EMIT_LOC_STRINGS = YES;
				SWIFT_VERSION = 5.0;
				TARGETED_DEVICE_FAMILY = "1,2";
			};
			name = Release;
		};
		3583B47328CBE7A20062EC4F /* Debug */ = {
			isa = XCBuildConfiguration;
			buildSettings = {
				ALWAYS_EMBED_SWIFT_STANDARD_LIBRARIES = YES;
				BUNDLE_LOADER = "$(TEST_HOST)";
				CODE_SIGN_STYLE = Automatic;
				CURRENT_PROJECT_VERSION = 1;
				DEVELOPMENT_TEAM = XPM8NB9WD8;
				GENERATE_INFOPLIST_FILE = YES;
				IPHONEOS_DEPLOYMENT_TARGET = 15.0;
				LD_RUNPATH_SEARCH_PATHS = (
					"$(inherited)",
					"@executable_path/Frameworks",
					"@loader_path/Frameworks",
				);
				MARKETING_VERSION = 1.0;
				PRODUCT_BUNDLE_IDENTIFIER = vb.hardwareandro.SwiftExamplesEb4Tests;
				PRODUCT_NAME = "$(TARGET_NAME)";
				SWIFT_EMIT_LOC_STRINGS = NO;
				SWIFT_VERSION = 5.0;
				TARGETED_DEVICE_FAMILY = "1,2";
				TEST_HOST = "$(BUILT_PRODUCTS_DIR)/SwiftExamplesEb4.app/SwiftExamplesEb4";
			};
			name = Debug;
		};
		3583B47428CBE7A20062EC4F /* Release */ = {
			isa = XCBuildConfiguration;
			buildSettings = {
				ALWAYS_EMBED_SWIFT_STANDARD_LIBRARIES = YES;
				BUNDLE_LOADER = "$(TEST_HOST)";
				CODE_SIGN_STYLE = Automatic;
				CURRENT_PROJECT_VERSION = 1;
				DEVELOPMENT_TEAM = XPM8NB9WD8;
				GENERATE_INFOPLIST_FILE = YES;
				IPHONEOS_DEPLOYMENT_TARGET = 15.0;
				LD_RUNPATH_SEARCH_PATHS = (
					"$(inherited)",
					"@executable_path/Frameworks",
					"@loader_path/Frameworks",
				);
				MARKETING_VERSION = 1.0;
				PRODUCT_BUNDLE_IDENTIFIER = vb.hardwareandro.SwiftExamplesEb4Tests;
				PRODUCT_NAME = "$(TARGET_NAME)";
				SWIFT_EMIT_LOC_STRINGS = NO;
				SWIFT_VERSION = 5.0;
				TARGETED_DEVICE_FAMILY = "1,2";
				TEST_HOST = "$(BUILT_PRODUCTS_DIR)/SwiftExamplesEb4.app/SwiftExamplesEb4";
			};
			name = Release;
		};
		3583B47628CBE7A20062EC4F /* Debug */ = {
			isa = XCBuildConfiguration;
			buildSettings = {
				ALWAYS_EMBED_SWIFT_STANDARD_LIBRARIES = YES;
				CODE_SIGN_STYLE = Automatic;
				CURRENT_PROJECT_VERSION = 1;
				DEVELOPMENT_TEAM = XPM8NB9WD8;
				GENERATE_INFOPLIST_FILE = YES;
				LD_RUNPATH_SEARCH_PATHS = (
					"$(inherited)",
					"@executable_path/Frameworks",
					"@loader_path/Frameworks",
				);
				MARKETING_VERSION = 1.0;
				PRODUCT_BUNDLE_IDENTIFIER = vb.hardwareandro.SwiftExamplesEb4UITests;
				PRODUCT_NAME = "$(TARGET_NAME)";
				SWIFT_EMIT_LOC_STRINGS = NO;
				SWIFT_VERSION = 5.0;
				TARGETED_DEVICE_FAMILY = "1,2";
				TEST_TARGET_NAME = SwiftExamplesEb4;
			};
			name = Debug;
		};
		3583B47728CBE7A20062EC4F /* Release */ = {
			isa = XCBuildConfiguration;
			buildSettings = {
				ALWAYS_EMBED_SWIFT_STANDARD_LIBRARIES = YES;
				CODE_SIGN_STYLE = Automatic;
				CURRENT_PROJECT_VERSION = 1;
				DEVELOPMENT_TEAM = XPM8NB9WD8;
				GENERATE_INFOPLIST_FILE = YES;
				LD_RUNPATH_SEARCH_PATHS = (
					"$(inherited)",
					"@executable_path/Frameworks",
					"@loader_path/Frameworks",
				);
				MARKETING_VERSION = 1.0;
				PRODUCT_BUNDLE_IDENTIFIER = vb.hardwareandro.SwiftExamplesEb4UITests;
				PRODUCT_NAME = "$(TARGET_NAME)";
				SWIFT_EMIT_LOC_STRINGS = NO;
				SWIFT_VERSION = 5.0;
				TARGETED_DEVICE_FAMILY = "1,2";
				TEST_TARGET_NAME = SwiftExamplesEb4;
			};
			name = Release;
		};
/* End XCBuildConfiguration section */

/* Begin XCConfigurationList section */
		3583B44628CBE79F0062EC4F /* Build configuration list for PBXProject "SwiftExamplesEb4" */ = {
			isa = XCConfigurationList;
			buildConfigurations = (
				3583B46D28CBE7A20062EC4F /* Debug */,
				3583B46E28CBE7A20062EC4F /* Release */,
			);
			defaultConfigurationIsVisible = 0;
			defaultConfigurationName = Release;
		};
		3583B46F28CBE7A20062EC4F /* Build configuration list for PBXNativeTarget "SwiftExamplesEb4" */ = {
			isa = XCConfigurationList;
			buildConfigurations = (
				3583B47028CBE7A20062EC4F /* Debug */,
				3583B47128CBE7A20062EC4F /* Release */,
			);
			defaultConfigurationIsVisible = 0;
			defaultConfigurationName = Release;
		};
		3583B47228CBE7A20062EC4F /* Build configuration list for PBXNativeTarget "SwiftExamplesEb4Tests" */ = {
			isa = XCConfigurationList;
			buildConfigurations = (
				3583B47328CBE7A20062EC4F /* Debug */,
				3583B47428CBE7A20062EC4F /* Release */,
			);
			defaultConfigurationIsVisible = 0;
			defaultConfigurationName = Release;
		};
		3583B47528CBE7A20062EC4F /* Build configuration list for PBXNativeTarget "SwiftExamplesEb4UITests" */ = {
			isa = XCConfigurationList;
			buildConfigurations = (
				3583B47628CBE7A20062EC4F /* Debug */,
				3583B47728CBE7A20062EC4F /* Release */,
			);
			defaultConfigurationIsVisible = 0;
			defaultConfigurationName = Release;
		};
/* End XCConfigurationList section */
	};
	rootObject = 3583B44328CBE79F0062EC4F /* Project object */;
}
